
Microsoft Visual Studio Solution File, Format Version 12.00
# Visual Studio Version 17
VisualStudioVersion = 17.14.36603.0 d17.14
MinimumVisualStudioVersion = 10.0.40219.1
Project("{FAE04EC0-301F-11D3-BF4B-00C04F79EFBC}") = "dpiotrowski_lab1", "dpiotrowski_lab1.csproj", "{ACA140F5-4220-4EF5-A283-67D4772D370E}"
EndProject
Global
	GlobalSection(SolutionConfigurationPlatforms) = preSolution
		Debug|Any CPU = Debug|Any CPU
		Release|Any CPU = Release|Any CPU
	EndGlobalSection
	GlobalSection(ProjectConfigurationPlatforms) = postSolution
		{ACA140F5-4220-4EF5-A283-67D4772D370E}.Debug|Any CPU.ActiveCfg = Debug|Any CPU
		{ACA140F5-4220-4EF5-A283-67D4772D370E}.Debug|Any CPU.Build.0 = Debug|Any CPU
		{ACA140F5-4220-4EF5-A283-67D4772D370E}.Release|Any CPU.ActiveCfg = Release|Any CPU
		{ACA140F5-4220-4EF5-A283-67D4772D370E}.Release|Any CPU.Build.0 = Release|Any CPU
	EndGlobalSection
	GlobalSection(SolutionProperties) = preSolution
		HideSolutionNode = FALSE
	EndGlobalSection
	GlobalSection(ExtensibilityGlobals) = postSolution
		SolutionGuid = {4E5CDCFB-FDEA-422F-9E32-BCE6F1A56F60}
	EndGlobalSection
EndGlobal
